
Microsoft Visual Studio Solution File, Format Version 12.00
# Visual Studio Version 17
VisualStudioVersion = 17.4.33027.239
MinimumVisualStudioVersion = 10.0.40219.1
Project("{9A19103F-16F7-4668-BE54-9A1E7A4F7556}") = "AppTest7", "AppTest7.csproj", "{752D801F-D4F8-4DCD-B0E4-9E307183DDC7}"
EndProject
Global
	GlobalSection(SolutionConfigurationPlatforms) = preSolution
		Debug|Any CPU = Debug|Any CPU
		Release|Any CPU = Release|Any CPU
	EndGlobalSection
	GlobalSection(ProjectConfigurationPlatforms) = postSolution
		{752D801F-D4F8-4DCD-B0E4-9E307183DDC7}.Debug|Any CPU.ActiveCfg = Debug|Any CPU
		{752D801F-D4F8-4DCD-B0E4-9E307183DDC7}.Debug|Any CPU.Build.0 = Debug|Any CPU
		{752D801F-D4F8-4DCD-B0E4-9E307183DDC7}.Release|Any CPU.ActiveCfg = Release|Any CPU
		{752D801F-D4F8-4DCD-B0E4-9E307183DDC7}.Release|Any CPU.Build.0 = Release|Any CPU
	EndGlobalSection
	GlobalSection(SolutionProperties) = preSolution
		HideSolutionNode = FALSE
	EndGlobalSection
	GlobalSection(ExtensibilityGlobals) = postSolution
		SolutionGuid = {A72EC4E0-A1B3-4875-B109-D34A8A57A750}
	EndGlobalSection
EndGlobal
